
Microsoft Visual Studio Solution File, Format Version 12.00
# Visual Studio Version 17
VisualStudioVersion = 17.0.32014.148
MinimumVisualStudioVersion = 10.0.40219.1
Project("{FAE04EC0-301F-11D3-BF4B-00C04F79EFBC}") = "Wikipedia Crawler", "Wikipedia Crawler\Wikipedia Crawler.csproj", "{FC35D288-6E49-4335-B6B0-D521D5199AD6}"
EndProject
Global
	GlobalSection(SolutionConfigurationPlatforms) = preSolution
		Debug|Any CPU = Debug|Any CPU
		Release|Any CPU = Release|Any CPU
	EndGlobalSection
	GlobalSection(ProjectConfigurationPlatforms) = postSolution
		{FC35D288-6E49-4335-B6B0-D521D5199AD6}.Debug|Any CPU.ActiveCfg = Debug|Any CPU
		{FC35D288-6E49-4335-B6B0-D521D5199AD6}.Debug|Any CPU.Build.0 = Debug|Any CPU
		{FC35D288-6E49-4335-B6B0-D521D5199AD6}.Release|Any CPU.ActiveCfg = Release|Any CPU
		{FC35D288-6E49-4335-B6B0-D521D5199AD6}.Release|Any CPU.Build.0 = Release|Any CPU
	EndGlobalSection
	GlobalSection(SolutionProperties) = preSolution
		HideSolutionNode = FALSE
	EndGlobalSection
	GlobalSection(ExtensibilityGlobals) = postSolution
		SolutionGuid = {6632ACEB-B505-44C5-B646-4C241EBA7EB0}
	EndGlobalSection
EndGlobal
