
Microsoft Visual Studio Solution File, Format Version 12.00
Project("{FAE04EC0-301F-11D3-BF4B-00C04F79EFBC}") = "Zadanie6", "Zadanie6\Zadanie6.csproj", "{CBC5E01B-E6A0-4AAD-A525-9E44A55F4B8D}"
EndProject
Global
	GlobalSection(SolutionConfigurationPlatforms) = preSolution
		Debug|Any CPU = Debug|Any CPU
		Release|Any CPU = Release|Any CPU
	EndGlobalSection
	GlobalSection(ProjectConfigurationPlatforms) = postSolution
		{CBC5E01B-E6A0-4AAD-A525-9E44A55F4B8D}.Debug|Any CPU.ActiveCfg = Debug|Any CPU
		{CBC5E01B-E6A0-4AAD-A525-9E44A55F4B8D}.Debug|Any CPU.Build.0 = Debug|Any CPU
		{CBC5E01B-E6A0-4AAD-A525-9E44A55F4B8D}.Release|Any CPU.ActiveCfg = Release|Any CPU
		{CBC5E01B-E6A0-4AAD-A525-9E44A55F4B8D}.Release|Any CPU.Build.0 = Release|Any CPU
	EndGlobalSection
EndGlobal
